# @generated - this file is auto-generated by `mise lock` https://mise.en.dev/dev-tools/mise-lock.html

[[tools.java]]
version = "liberica-17.0.6+10"
backend = "core:java"

[tools.java."platforms.linux-arm64"]
checksum = "sha1:3f35ee9fac9ab87b163333bc6c7802753730a680"
url = "https://github.com/bell-sw/Liberica/releases/download/17.0.6%2B10/bellsoft-jdk17.0.6%2B10-linux-aarch64.tar.gz"

[tools.java."platforms.linux-arm64-musl"]
checksum = "sha1:95edb1e0015eac796053923234c12b665cd6b287"
url = "https://github.com/bell-sw/Liberica/releases/download/17.0.6%2B10/bellsoft-jdk17.0.6%2B10-linux-aarch64-musl.tar.gz"

[tools.java."platforms.linux-x64"]
checksum = "sha1:3921ead0629aa003b3ec3afad7557bbea397fb1e"
url = "https://github.com/bell-sw/Liberica/releases/download/17.0.6%2B10/bellsoft-jdk17.0.6%2B10-linux-amd64.tar.gz"

[tools.java."platforms.linux-x64-musl"]
checksum = "sha1:9c4f64693f71ca3c88c1321173887b1facda75e2"
url = "https://github.com/bell-sw/Liberica/releases/download/17.0.6%2B10/bellsoft-jdk17.0.6%2B10-linux-x64-musl.tar.gz"

[tools.java."platforms.macos-arm64"]
checksum = "sha1:2af64f6f557c6cbf96cac7022eba2c9779a6be7a"
url = "https://github.com/bell-sw/Liberica/releases/download/17.0.6%2B10/bellsoft-jdk17.0.6%2B10-macos-aarch64.tar.gz"

[tools.java."platforms.macos-x64"]
checksum = "sha1:e78e899e7a6449751c5431d53a9cb9ed001da90d"
url = "https://github.com/bell-sw/Liberica/releases/download/17.0.6%2B10/bellsoft-jdk17.0.6%2B10-macos-amd64.tar.gz"

[[tools.java]]
version = "liberica-21.0.12.1+1"
backend = "core:java"

[tools.java."platforms.linux-arm64"]
checksum = "sha1:75c94bdf89d51c3a7e7836f25bf1f64a903bd3b3"
url = "https://github.com/bell-sw/Liberica/releases/download/21.0.12.1%2B1/bellsoft-jdk21.0.12.1%2B1-linux-aarch64.tar.gz"

[tools.java."platforms.linux-arm64-musl"]
checksum = "sha1:ae157f3935472d33fff3dbf35b96c620ffad7e18"
url = "https://github.com/bell-sw/Liberica/releases/download/21.0.12.1%2B1/bellsoft-jdk21.0.12.1%2B1-linux-aarch64-musl.tar.gz"

[tools.java."platforms.linux-x64"]
checksum = "sha1:351b0fc7ff5f7a0d250b2fc9c4c860ec3662d4de"
url = "https://github.com/bell-sw/Liberica/releases/download/21.0.12.1%2B1/bellsoft-jdk21.0.12.1%2B1-linux-amd64.tar.gz"

[tools.java."platforms.linux-x64-musl"]
checksum = "sha1:55c18449c581274ec34f7fdeca976ebf12342562"
url = "https://github.com/bell-sw/Liberica/releases/download/21.0.12.1%2B1/bellsoft-jdk21.0.12.1%2B1-linux-x64-musl.tar.gz"

[tools.java."platforms.macos-arm64"]
checksum = "sha1:ed60f307d2fcf14575eef97bdabfb8534d2d3cdd"
url = "https://github.com/bell-sw/Liberica/releases/download/21.0.12.1%2B1/bellsoft-jdk21.0.12.1%2B1-macos-aarch64.tar.gz"

[tools.java."platforms.macos-x64"]
checksum = "sha1:c537a7716f7712943b88a5aa0f32af7e9390a02b"
url = "https://github.com/bell-sw/Liberica/releases/download/21.0.12.1%2B1/bellsoft-jdk21.0.12.1%2B1-macos-amd64.tar.gz"

[[tools.ruby]]
version = "3.3.0"
backend = "core:ruby"

[tools.ruby.options]
compile = "false"
precompiled_url = "jdx/ruby"
ruby_build_repo = "https://github.com/rbenv/ruby-build.git"
ruby_install = "false"

[tools.ruby."platforms.linux-arm64"]
checksum = "sha256:d03e0e1dc566aa6512baffb9373be48d36d4fde3ca9b58e0184eb5113a507eda"
url = "https://github.com/jdx/ruby/releases/download/3.3.0-4/ruby-3.3.0.arm64_linux.tar.gz"
provenance = "github-attestations"

[tools.ruby."platforms.linux-arm64-musl"]
checksum = "sha256:d03e0e1dc566aa6512baffb9373be48d36d4fde3ca9b58e0184eb5113a507eda"
url = "https://github.com/jdx/ruby/releases/download/3.3.0-4/ruby-3.3.0.arm64_linux.tar.gz"
provenance = "github-attestations"

[tools.ruby."platforms.linux-x64"]
checksum = "sha256:7b2cec2a09b60b225b2b216938332ea009cf17dd21b9a2096aeaf963df957641"
url = "https://github.com/jdx/ruby/releases/download/3.3.0-4/ruby-3.3.0.x86_64_linux.tar.gz"
provenance = "github-attestations"

[tools.ruby."platforms.linux-x64-musl"]
checksum = "sha256:7b2cec2a09b60b225b2b216938332ea009cf17dd21b9a2096aeaf963df957641"
url = "https://github.com/jdx/ruby/releases/download/3.3.0-4/ruby-3.3.0.x86_64_linux.tar.gz"
provenance = "github-attestations"

[tools.ruby."platforms.macos-arm64"]
checksum = "sha256:0f3be0a98f46c6771f546ae753a6affd5f87dda4e5fbb222424c39a7fa82a99a"
url = "https://github.com/jdx/ruby/releases/download/3.3.0-4/ruby-3.3.0.macos.tar.gz"
provenance = "github-attestations"

[tools.ruby."platforms.macos-x64"]
checksum = "sha256:96518814d9832bece92a85415a819d4893b307db5921ae1f0f751a9a89a56b7d"
url = "https://cache.ruby-lang.org/pub/ruby/3.3/ruby-3.3.0.tar.gz"
